
Microsoft Visual Studio Solution File, Format Version 12.00
# Visual Studio 15
VisualStudioVersion = 15.0.28010.2046
MinimumVisualStudioVersion = 10.0.40219.1
Project("{FAE04EC0-301F-11D3-BF4B-00C04F79EFBC}") = "mhaetc", "mhaetc\mhaetc.csproj", "{80F1281E-2013-4A0B-9385-A9DA5A83FCA3}"
EndProject
Global
	GlobalSection(SolutionConfigurationPlatforms) = preSolution
		Debug|Any CPU = Debug|Any CPU
		Release|Any CPU = Release|Any CPU
	EndGlobalSection
	GlobalSection(ProjectConfigurationPlatforms) = postSolution
		{80F1281E-2013-4A0B-9385-A9DA5A83FCA3}.Debug|Any CPU.ActiveCfg = Debug|Any CPU
		{80F1281E-2013-4A0B-9385-A9DA5A83FCA3}.Debug|Any CPU.Build.0 = Debug|Any CPU
		{80F1281E-2013-4A0B-9385-A9DA5A83FCA3}.Release|Any CPU.ActiveCfg = Release|Any CPU
		{80F1281E-2013-4A0B-9385-A9DA5A83FCA3}.Release|Any CPU.Build.0 = Release|Any CPU
	EndGlobalSection
	GlobalSection(SolutionProperties) = preSolution
		HideSolutionNode = FALSE
	EndGlobalSection
	GlobalSection(ExtensibilityGlobals) = postSolution
		SolutionGuid = {BBCB7E27-F754-4910-95BD-218824FD69D1}
	EndGlobalSection
EndGlobal
